
Microsoft Visual Studio Solution File, Format Version 12.00
# Visual Studio Version 17
VisualStudioVersion = 17.10.34916.146
MinimumVisualStudioVersion = 10.0.40219.1
Project("{FAE04EC0-301F-11D3-BF4B-00C04F79EFBC}") = "Simulator", "Simulator\Simulator.csproj", "{03E8E31E-7BD1-4BF0-9F4C-3F92591B2141}"
EndProject
Global
	GlobalSection(SolutionConfigurationPlatforms) = preSolution
		Debug|Any CPU = Debug|Any CPU
		Release|Any CPU = Release|Any CPU
	EndGlobalSection
	GlobalSection(ProjectConfigurationPlatforms) = postSolution
		{03E8E31E-7BD1-4BF0-9F4C-3F92591B2141}.Debug|Any CPU.ActiveCfg = Debug|Any CPU
		{03E8E31E-7BD1-4BF0-9F4C-3F92591B2141}.Debug|Any CPU.Build.0 = Debug|Any CPU
		{03E8E31E-7BD1-4BF0-9F4C-3F92591B2141}.Release|Any CPU.ActiveCfg = Release|Any CPU
		{03E8E31E-7BD1-4BF0-9F4C-3F92591B2141}.Release|Any CPU.Build.0 = Release|Any CPU
	EndGlobalSection
	GlobalSection(SolutionProperties) = preSolution
		HideSolutionNode = FALSE
	EndGlobalSection
	GlobalSection(ExtensibilityGlobals) = postSolution
		SolutionGuid = {5A0CA765-E450-4136-B28D-EDFB44BEA6B8}
	EndGlobalSection
EndGlobal
